
Microsoft Visual Studio Solution File, Format Version 12.00
# Visual Studio 15
VisualStudioVersion = 15.0.27703.2026
MinimumVisualStudioVersion = 10.0.40219.1
Project("{FAE04EC0-301F-11D3-BF4B-00C04F79EFBC}") = "MyMusic", "MyMusic\MyMusic.csproj", "{42F41436-CC11-4270-8F8F-B41A404E3BDA}"
EndProject
Project("{FAE04EC0-301F-11D3-BF4B-00C04F79EFBC}") = "MyMusicTests", "MyMusicTests\MyMusicTests.csproj", "{78E6F273-555C-4438-A89A-F675D71C233F}"
EndProject
Global
	GlobalSection(SolutionConfigurationPlatforms) = preSolution
		Debug|Any CPU = Debug|Any CPU
		Release|Any CPU = Release|Any CPU
	EndGlobalSection
	GlobalSection(ProjectConfigurationPlatforms) = postSolution
		{42F41436-CC11-4270-8F8F-B41A404E3BDA}.Debug|Any CPU.ActiveCfg = Debug|Any CPU
		{42F41436-CC11-4270-8F8F-B41A404E3BDA}.Debug|Any CPU.Build.0 = Debug|Any CPU
		{42F41436-CC11-4270-8F8F-B41A404E3BDA}.Release|Any CPU.ActiveCfg = Release|Any CPU
		{42F41436-CC11-4270-8F8F-B41A404E3BDA}.Release|Any CPU.Build.0 = Release|Any CPU
		{78E6F273-555C-4438-A89A-F675D71C233F}.Debug|Any CPU.ActiveCfg = Debug|Any CPU
		{78E6F273-555C-4438-A89A-F675D71C233F}.Debug|Any CPU.Build.0 = Debug|Any CPU
		{78E6F273-555C-4438-A89A-F675D71C233F}.Release|Any CPU.ActiveCfg = Release|Any CPU
		{78E6F273-555C-4438-A89A-F675D71C233F}.Release|Any CPU.Build.0 = Release|Any CPU
	EndGlobalSection
	GlobalSection(SolutionProperties) = preSolution
		HideSolutionNode = FALSE
	EndGlobalSection
	GlobalSection(ExtensibilityGlobals) = postSolution
		SolutionGuid = {16EC32D8-75D6-4A88-AFB7-1D08189E7102}
	EndGlobalSection
EndGlobal
