
Microsoft Visual Studio Solution File, Format Version 12.00
# Visual Studio 14
VisualStudioVersion = 14.0.25420.1
MinimumVisualStudioVersion = 10.0.40219.1
Project("{FAE04EC0-301F-11D3-BF4B-00C04F79EFBC}") = "Queue", "Queue\Queue.csproj", "{CC2572B6-D8C6-48B0-91F5-3190CC0C7D24}"
EndProject
Project("{FAE04EC0-301F-11D3-BF4B-00C04F79EFBC}") = "UnitTestProject1", "UnitTestProject1\UnitTestProject1.csproj", "{93569B2A-09F8-4C05-8607-BD6AF0CDD30B}"
EndProject
Project("{FAE04EC0-301F-11D3-BF4B-00C04F79EFBC}") = "QueueTests", "QueueTests\QueueTests.csproj", "{EB77EDB7-12F0-4744-A4B3-0B3787789B8C}"
EndProject
Global
	GlobalSection(SolutionConfigurationPlatforms) = preSolution
		Debug|Any CPU = Debug|Any CPU
		Release|Any CPU = Release|Any CPU
	EndGlobalSection
	GlobalSection(ProjectConfigurationPlatforms) = postSolution
		{CC2572B6-D8C6-48B0-91F5-3190CC0C7D24}.Debug|Any CPU.ActiveCfg = Debug|Any CPU
		{CC2572B6-D8C6-48B0-91F5-3190CC0C7D24}.Debug|Any CPU.Build.0 = Debug|Any CPU
		{CC2572B6-D8C6-48B0-91F5-3190CC0C7D24}.Release|Any CPU.ActiveCfg = Release|Any CPU
		{CC2572B6-D8C6-48B0-91F5-3190CC0C7D24}.Release|Any CPU.Build.0 = Release|Any CPU
		{93569B2A-09F8-4C05-8607-BD6AF0CDD30B}.Debug|Any CPU.ActiveCfg = Debug|Any CPU
		{93569B2A-09F8-4C05-8607-BD6AF0CDD30B}.Debug|Any CPU.Build.0 = Debug|Any CPU
		{93569B2A-09F8-4C05-8607-BD6AF0CDD30B}.Release|Any CPU.ActiveCfg = Release|Any CPU
		{93569B2A-09F8-4C05-8607-BD6AF0CDD30B}.Release|Any CPU.Build.0 = Release|Any CPU
		{EB77EDB7-12F0-4744-A4B3-0B3787789B8C}.Debug|Any CPU.ActiveCfg = Debug|Any CPU
		{EB77EDB7-12F0-4744-A4B3-0B3787789B8C}.Debug|Any CPU.Build.0 = Debug|Any CPU
		{EB77EDB7-12F0-4744-A4B3-0B3787789B8C}.Release|Any CPU.ActiveCfg = Release|Any CPU
		{EB77EDB7-12F0-4744-A4B3-0B3787789B8C}.Release|Any CPU.Build.0 = Release|Any CPU
	EndGlobalSection
	GlobalSection(SolutionProperties) = preSolution
		HideSolutionNode = FALSE
	EndGlobalSection
EndGlobal
